
Microsoft Visual Studio Solution File, Format Version 12.00
# Visual Studio 15
VisualStudioVersion = 15.0.28010.2003
MinimumVisualStudioVersion = 10.0.40219.1
Project("{2150E333-8FDC-42A3-9474-1A3956D46DE8}") = "Src", "Src", "{009F84E0-371F-4346-B5E6-F17E3FCCE98D}"
EndProject
Project("{2150E333-8FDC-42A3-9474-1A3956D46DE8}") = "Services", "Services", "{A3C0A920-9B7D-4FBA-AF5B-4C9023DFFEE7}"
EndProject
Project("{2150E333-8FDC-42A3-9474-1A3956D46DE8}") = "Catalog", "Catalog", "{6043D0B0-9BC1-432D-9563-7238A506CF27}"
EndProject
Project("{2150E333-8FDC-42A3-9474-1A3956D46DE8}") = "Orders", "Orders", "{9F8A612D-2CCB-4BF6-B700-34DF90E7E743}"
EndProject
Project("{2150E333-8FDC-42A3-9474-1A3956D46DE8}") = "Tests", "Tests", "{968E0F93-B4E0-44E4-BB5A-266C0B4A207A}"
EndProject
Project("{2150E333-8FDC-42A3-9474-1A3956D46DE8}") = "API", "API", "{D1D5B183-D197-459E-867F-07207982B5FD}"
EndProject
Project("{2150E333-8FDC-42A3-9474-1A3956D46DE8}") = "DTO", "DTO", "{9BE1FAA3-18F3-4F52-8844-6653D4EE0843}"
EndProject
Project("{2150E333-8FDC-42A3-9474-1A3956D46DE8}") = "Tests", "Tests", "{0CD944FC-1823-41F6-831C-12EB03EEC626}"
EndProject
Project("{9A19103F-16F7-4668-BE54-9A1E7A4F7556}") = "Orders.API", "Src\Services\Orders\Orders.API\Orders.API.csproj", "{6D30EF7D-507D-4910-918A-7F6823FAD935}"
EndProject
Project("{E53339B2-1760-4266-BCC7-CA923CBCF16C}") = "docker-compose", "docker-compose.dcproj", "{9903A00D-16ED-45E6-8103-8C40EF3966AA}"
EndProject
Project("{9A19103F-16F7-4668-BE54-9A1E7A4F7556}") = "Catalog.API", "Src\Services\Catalog\Catalog.API\Catalog.API.csproj", "{D8D1086C-2AF4-47FC-B099-99A86AB9A7DE}"
EndProject
Project("{2150E333-8FDC-42A3-9474-1A3956D46DE8}") = "Common", "Common", "{37301BF8-F549-4DA6-A45A-59B3679879E0}"
EndProject
Project("{2150E333-8FDC-42A3-9474-1A3956D46DE8}") = "API", "API", "{C61A2FFF-2782-45C0-8749-39338E2855D9}"
EndProject
Project("{2150E333-8FDC-42A3-9474-1A3956D46DE8}") = "DTO", "DTO", "{0C45D0A9-9076-4A1E-9AE5-C2882038AD5F}"
EndProject
Project("{9A19103F-16F7-4668-BE54-9A1E7A4F7556}") = "Catalog.DTO", "Src\Services\Catalog\Catalog.DTO\Catalog.DTO.csproj", "{76B33F53-069B-4C38-A847-A2B6869170D2}"
EndProject
Project("{9A19103F-16F7-4668-BE54-9A1E7A4F7556}") = "Catalog.API.Tests.Functional", "Src\Services\Catalog\Tests\Catalog.API.Tests.Functional\Catalog.API.Tests.Functional.csproj", "{9BD92466-7EEC-40EB-B33D-56B4A58240EB}"
EndProject
Project("{9A19103F-16F7-4668-BE54-9A1E7A4F7556}") = "Catalog.API.Tests.Unit", "Src\Services\Catalog\Tests\Catalog.API.Tests.Unit\Catalog.API.Tests.Unit.csproj", "{16D001B9-29ED-4A85-96C9-26E35FC3CBF0}"
EndProject
Project("{9A19103F-16F7-4668-BE54-9A1E7A4F7556}") = "Orders.DTO", "Src\Services\Orders\Orders.DTO\Orders.DTO.csproj", "{A1499272-AFB5-466C-A3D6-7BD548EF5F9E}"
EndProject
Project("{9A19103F-16F7-4668-BE54-9A1E7A4F7556}") = "Common.DTO", "Src\Services\Common\Common.DTO\Common.DTO.csproj", "{B6F4D717-5124-4E45-BD76-69349D5E2CBE}"
EndProject
Project("{9A19103F-16F7-4668-BE54-9A1E7A4F7556}") = "Common.API", "Src\Services\Common\Common.API\Common.API.csproj", "{B04D88D8-8581-4597-A90B-DD6ACDFCF857}"
EndProject
Project("{2150E333-8FDC-42A3-9474-1A3956D46DE8}") = "BuildingBlocks", "BuildingBlocks", "{7D12CEAF-CE2A-48CA-9AA0-F98278C21623}"
EndProject
Project("{2150E333-8FDC-42A3-9474-1A3956D46DE8}") = "HealtChecks", "HealtChecks", "{98ED4B52-3687-4FBA-BE2A-781F2F86AAA9}"
EndProject
Project("{9A19103F-16F7-4668-BE54-9A1E7A4F7556}") = "Catalog.DTO.Tests.Unit", "Src\Services\Catalog\Tests\Catalog.DTO.Tests.Unit\Catalog.DTO.Tests.Unit.csproj", "{FBDF9AC3-EFC4-47AA-B80F-6BE3C41CE688}"
EndProject
Project("{9A19103F-16F7-4668-BE54-9A1E7A4F7556}") = "Catalog.DAL", "Src\Services\Catalog\Catalog.DAL\Catalog.DAL.csproj", "{E6AD6D1F-06EF-4575-9DAC-C5307E16BB56}"
EndProject
Project("{9A19103F-16F7-4668-BE54-9A1E7A4F7556}") = "Catalog.Domain", "Src\Services\Catalog\Catalog.Domain\Catalog.Domain.csproj", "{A70846D0-A9D7-45D6-8BBE-53E61CA8591A}"
EndProject
Project("{2150E333-8FDC-42A3-9474-1A3956D46DE8}") = "Solution Items", "Solution Items", "{B5D017F1-BF9F-414B-932F-1C92B6FE3903}"
	ProjectSection(SolutionItems) = preProject
		.filenesting.json = .filenesting.json
	EndProjectSection
EndProject
Project("{FAE04EC0-301F-11D3-BF4B-00C04F79EFBC}") = "Catalog.Client", "Src\Services\Catalog\Catalog.Client\Catalog.Client.csproj", "{F40B3B45-CDCB-4106-85FB-292895790890}"
EndProject
Global
	GlobalSection(SolutionConfigurationPlatforms) = preSolution
		Debug|Any CPU = Debug|Any CPU
		Release|Any CPU = Release|Any CPU
	EndGlobalSection
	GlobalSection(ProjectConfigurationPlatforms) = postSolution
		{6D30EF7D-507D-4910-918A-7F6823FAD935}.Debug|Any CPU.ActiveCfg = Debug|Any CPU
		{6D30EF7D-507D-4910-918A-7F6823FAD935}.Debug|Any CPU.Build.0 = Debug|Any CPU
		{6D30EF7D-507D-4910-918A-7F6823FAD935}.Release|Any CPU.ActiveCfg = Release|Any CPU
		{6D30EF7D-507D-4910-918A-7F6823FAD935}.Release|Any CPU.Build.0 = Release|Any CPU
		{9903A00D-16ED-45E6-8103-8C40EF3966AA}.Debug|Any CPU.ActiveCfg = Debug|Any CPU
		{9903A00D-16ED-45E6-8103-8C40EF3966AA}.Debug|Any CPU.Build.0 = Debug|Any CPU
		{9903A00D-16ED-45E6-8103-8C40EF3966AA}.Release|Any CPU.ActiveCfg = Release|Any CPU
		{9903A00D-16ED-45E6-8103-8C40EF3966AA}.Release|Any CPU.Build.0 = Release|Any CPU
		{D8D1086C-2AF4-47FC-B099-99A86AB9A7DE}.Debug|Any CPU.ActiveCfg = Debug|Any CPU
		{D8D1086C-2AF4-47FC-B099-99A86AB9A7DE}.Debug|Any CPU.Build.0 = Debug|Any CPU
		{D8D1086C-2AF4-47FC-B099-99A86AB9A7DE}.Release|Any CPU.ActiveCfg = Release|Any CPU
		{D8D1086C-2AF4-47FC-B099-99A86AB9A7DE}.Release|Any CPU.Build.0 = Release|Any CPU
		{76B33F53-069B-4C38-A847-A2B6869170D2}.Debug|Any CPU.ActiveCfg = Debug|Any CPU
		{76B33F53-069B-4C38-A847-A2B6869170D2}.Debug|Any CPU.Build.0 = Debug|Any CPU
		{76B33F53-069B-4C38-A847-A2B6869170D2}.Release|Any CPU.ActiveCfg = Release|Any CPU
		{76B33F53-069B-4C38-A847-A2B6869170D2}.Release|Any CPU.Build.0 = Release|Any CPU
		{9BD92466-7EEC-40EB-B33D-56B4A58240EB}.Debug|Any CPU.ActiveCfg = Debug|Any CPU
		{9BD92466-7EEC-40EB-B33D-56B4A58240EB}.Debug|Any CPU.Build.0 = Debug|Any CPU
		{9BD92466-7EEC-40EB-B33D-56B4A58240EB}.Release|Any CPU.ActiveCfg = Release|Any CPU
		{9BD92466-7EEC-40EB-B33D-56B4A58240EB}.Release|Any CPU.Build.0 = Release|Any CPU
		{16D001B9-29ED-4A85-96C9-26E35FC3CBF0}.Debug|Any CPU.ActiveCfg = Debug|Any CPU
		{16D001B9-29ED-4A85-96C9-26E35FC3CBF0}.Debug|Any CPU.Build.0 = Debug|Any CPU
		{16D001B9-29ED-4A85-96C9-26E35FC3CBF0}.Release|Any CPU.ActiveCfg = Release|Any CPU
		{16D001B9-29ED-4A85-96C9-26E35FC3CBF0}.Release|Any CPU.Build.0 = Release|Any CPU
		{A1499272-AFB5-466C-A3D6-7BD548EF5F9E}.Debug|Any CPU.ActiveCfg = Debug|Any CPU
		{A1499272-AFB5-466C-A3D6-7BD548EF5F9E}.Debug|Any CPU.Build.0 = Debug|Any CPU
		{A1499272-AFB5-466C-A3D6-7BD548EF5F9E}.Release|Any CPU.ActiveCfg = Release|Any CPU
		{A1499272-AFB5-466C-A3D6-7BD548EF5F9E}.Release|Any CPU.Build.0 = Release|Any CPU
		{B6F4D717-5124-4E45-BD76-69349D5E2CBE}.Debug|Any CPU.ActiveCfg = Debug|Any CPU
		{B6F4D717-5124-4E45-BD76-69349D5E2CBE}.Debug|Any CPU.Build.0 = Debug|Any CPU
		{B6F4D717-5124-4E45-BD76-69349D5E2CBE}.Release|Any CPU.ActiveCfg = Release|Any CPU
		{B6F4D717-5124-4E45-BD76-69349D5E2CBE}.Release|Any CPU.Build.0 = Release|Any CPU
		{B04D88D8-8581-4597-A90B-DD6ACDFCF857}.Debug|Any CPU.ActiveCfg = Debug|Any CPU
		{B04D88D8-8581-4597-A90B-DD6ACDFCF857}.Debug|Any CPU.Build.0 = Debug|Any CPU
		{B04D88D8-8581-4597-A90B-DD6ACDFCF857}.Release|Any CPU.ActiveCfg = Release|Any CPU
		{B04D88D8-8581-4597-A90B-DD6ACDFCF857}.Release|Any CPU.Build.0 = Release|Any CPU
		{FBDF9AC3-EFC4-47AA-B80F-6BE3C41CE688}.Debug|Any CPU.ActiveCfg = Debug|Any CPU
		{FBDF9AC3-EFC4-47AA-B80F-6BE3C41CE688}.Debug|Any CPU.Build.0 = Debug|Any CPU
		{FBDF9AC3-EFC4-47AA-B80F-6BE3C41CE688}.Release|Any CPU.ActiveCfg = Release|Any CPU
		{FBDF9AC3-EFC4-47AA-B80F-6BE3C41CE688}.Release|Any CPU.Build.0 = Release|Any CPU
		{E6AD6D1F-06EF-4575-9DAC-C5307E16BB56}.Debug|Any CPU.ActiveCfg = Debug|Any CPU
		{E6AD6D1F-06EF-4575-9DAC-C5307E16BB56}.Debug|Any CPU.Build.0 = Debug|Any CPU
		{E6AD6D1F-06EF-4575-9DAC-C5307E16BB56}.Release|Any CPU.ActiveCfg = Release|Any CPU
		{E6AD6D1F-06EF-4575-9DAC-C5307E16BB56}.Release|Any CPU.Build.0 = Release|Any CPU
		{A70846D0-A9D7-45D6-8BBE-53E61CA8591A}.Debug|Any CPU.ActiveCfg = Debug|Any CPU
		{A70846D0-A9D7-45D6-8BBE-53E61CA8591A}.Debug|Any CPU.Build.0 = Debug|Any CPU
		{A70846D0-A9D7-45D6-8BBE-53E61CA8591A}.Release|Any CPU.ActiveCfg = Release|Any CPU
		{A70846D0-A9D7-45D6-8BBE-53E61CA8591A}.Release|Any CPU.Build.0 = Release|Any CPU
		{F40B3B45-CDCB-4106-85FB-292895790890}.Debug|Any CPU.ActiveCfg = Debug|Any CPU
		{F40B3B45-CDCB-4106-85FB-292895790890}.Debug|Any CPU.Build.0 = Debug|Any CPU
		{F40B3B45-CDCB-4106-85FB-292895790890}.Release|Any CPU.ActiveCfg = Release|Any CPU
		{F40B3B45-CDCB-4106-85FB-292895790890}.Release|Any CPU.Build.0 = Release|Any CPU
	EndGlobalSection
	GlobalSection(SolutionProperties) = preSolution
		HideSolutionNode = FALSE
	EndGlobalSection
	GlobalSection(NestedProjects) = preSolution
		{A3C0A920-9B7D-4FBA-AF5B-4C9023DFFEE7} = {009F84E0-371F-4346-B5E6-F17E3FCCE98D}
		{6043D0B0-9BC1-432D-9563-7238A506CF27} = {A3C0A920-9B7D-4FBA-AF5B-4C9023DFFEE7}
		{9F8A612D-2CCB-4BF6-B700-34DF90E7E743} = {A3C0A920-9B7D-4FBA-AF5B-4C9023DFFEE7}
		{968E0F93-B4E0-44E4-BB5A-266C0B4A207A} = {6043D0B0-9BC1-432D-9563-7238A506CF27}
		{D1D5B183-D197-459E-867F-07207982B5FD} = {9F8A612D-2CCB-4BF6-B700-34DF90E7E743}
		{9BE1FAA3-18F3-4F52-8844-6653D4EE0843} = {9F8A612D-2CCB-4BF6-B700-34DF90E7E743}
		{0CD944FC-1823-41F6-831C-12EB03EEC626} = {9F8A612D-2CCB-4BF6-B700-34DF90E7E743}
		{6D30EF7D-507D-4910-918A-7F6823FAD935} = {D1D5B183-D197-459E-867F-07207982B5FD}
		{D8D1086C-2AF4-47FC-B099-99A86AB9A7DE} = {6043D0B0-9BC1-432D-9563-7238A506CF27}
		{37301BF8-F549-4DA6-A45A-59B3679879E0} = {A3C0A920-9B7D-4FBA-AF5B-4C9023DFFEE7}
		{C61A2FFF-2782-45C0-8749-39338E2855D9} = {37301BF8-F549-4DA6-A45A-59B3679879E0}
		{0C45D0A9-9076-4A1E-9AE5-C2882038AD5F} = {37301BF8-F549-4DA6-A45A-59B3679879E0}
		{76B33F53-069B-4C38-A847-A2B6869170D2} = {6043D0B0-9BC1-432D-9563-7238A506CF27}
		{9BD92466-7EEC-40EB-B33D-56B4A58240EB} = {968E0F93-B4E0-44E4-BB5A-266C0B4A207A}
		{16D001B9-29ED-4A85-96C9-26E35FC3CBF0} = {968E0F93-B4E0-44E4-BB5A-266C0B4A207A}
		{A1499272-AFB5-466C-A3D6-7BD548EF5F9E} = {9BE1FAA3-18F3-4F52-8844-6653D4EE0843}
		{B6F4D717-5124-4E45-BD76-69349D5E2CBE} = {0C45D0A9-9076-4A1E-9AE5-C2882038AD5F}
		{B04D88D8-8581-4597-A90B-DD6ACDFCF857} = {C61A2FFF-2782-45C0-8749-39338E2855D9}
		{7D12CEAF-CE2A-48CA-9AA0-F98278C21623} = {009F84E0-371F-4346-B5E6-F17E3FCCE98D}
		{98ED4B52-3687-4FBA-BE2A-781F2F86AAA9} = {7D12CEAF-CE2A-48CA-9AA0-F98278C21623}
		{FBDF9AC3-EFC4-47AA-B80F-6BE3C41CE688} = {968E0F93-B4E0-44E4-BB5A-266C0B4A207A}
		{E6AD6D1F-06EF-4575-9DAC-C5307E16BB56} = {6043D0B0-9BC1-432D-9563-7238A506CF27}
		{A70846D0-A9D7-45D6-8BBE-53E61CA8591A} = {6043D0B0-9BC1-432D-9563-7238A506CF27}
		{F40B3B45-CDCB-4106-85FB-292895790890} = {6043D0B0-9BC1-432D-9563-7238A506CF27}
	EndGlobalSection
	GlobalSection(ExtensibilityGlobals) = postSolution
		SolutionGuid = {428BB49E-A1CD-42F9-AC33-E0BF4F8A09FD}
	EndGlobalSection
EndGlobal
